lockfileVersion: '9.0'

settings:
  autoInstallPeers: true
  excludeLinksFromLockfile: false

importers:

  .:
    dependencies:
      '@way-ui/internal-utils':
        specifier: 0.1.0
        version: 0.1.0

packages:

  '@way-ui/internal-utils@0.1.0':
    resolution: {integrity: sha512-uwnq0pZK+FERqSpScfD6b4WAkyk+sDIbt+x33l+TODV8PCJWR3z9XNsapvxI1sLO9Zc1whRcBpvo2n42m1mOYw==}

snapshots:

  '@way-ui/internal-utils@0.1.0': {}
