lockfileVersion: '9.0'

settings:
  autoInstallPeers: true
  excludeLinksFromLockfile: false

importers:

  .:
    dependencies:
      '@commitlint/config-conventional':
        specifier: 19.5.0
        version: 19.5.0

packages:

  '@commitlint/config-conventional@19.5.0':
    resolution: {integrity: sha512-OBhdtJyHNPryZKg0fFpZNOBM1ZDbntMvqMuSmpfyP86XSfwzGw4CaoYRG4RutUPg0BTK07VMRIkNJT6wi2zthg==}
    engines: {node: '>=v18'}

  '@commitlint/types@19.5.0':
    resolution: {integrity: sha512-DSHae2obMSMkAtTBSOulg5X7/z+rGLxcXQIkg3OmWvY6wifojge5uVMydfhUvs7yQj+V7jNmRZ2Xzl8GJyqRgg==}
    engines: {node: '>=v18'}

  '@types/conventional-commits-parser@5.0.0':
    resolution: {integrity: sha512-loB369iXNmAZglwWATL+WRe+CRMmmBPtpolYzIebFaX4YA3x+BEfLqhUAV9WanycKI3TG1IMr5bMJDajDKLlUQ==}

  '@types/node@22.5.5':
    resolution: {integrity: sha512-Xjs4y5UPO/CLdzpgR6GirZJx36yScjh73+2NlLlkFRSoQN8B0DpfXPdZGnvVmLRLOsqDpOfTNv7D9trgGhmOIA==}

  array-ify@1.0.0:
    resolution: {integrity: sha512-c5AMf34bKdvPhQ7tBGhqkgKNUzMr4WUs+WDtC2ZUGOUncbxKMTvqxYctiseW3+L4bA8ec+GcZ6/A/FW4m8ukng==}

  chalk@5.3.0:
    resolution: {integrity: sha512-dLitG79d+GV1Nb/VYcCDFivJeK1hiukt9QjRNVOsUtTy1rR1YJsmpGGTZ3qJos+uw7WmWF4wUwBd9jxjocFC2w==}
    engines: {node: ^12.17.0 || ^14.13 || >=16.0.0}

  compare-func@2.0.0:
    resolution: {integrity: sha512-zHig5N+tPWARooBnb0Zx1MFcdfpyJrfTJ3Y5L+IFvUm8rM74hHz66z0gw0x4tijh5CorKkKUCnW82R2vmpeCRA==}

  conventional-changelog-conventionalcommits@7.0.2:
    resolution: {integrity: sha512-NKXYmMR/Hr1DevQegFB4MwfM5Vv0m4UIxKZTTYuD98lpTknaZlSRrDOG4X7wIXpGkfsYxZTghUN+Qq+T0YQI7w==}
    engines: {node: '>=16'}

  dot-prop@5.3.0:
    resolution: {integrity: sha512-QM8q3zDe58hqUqjraQOmzZ1LIH9SWQJTlEKCH4kJ2oQvLZk7RbQXvtDM2XEq3fwkV9CCvvH4LA0AV+ogFsBM2Q==}
    engines: {node: '>=8'}

  is-obj@2.0.0:
    resolution: {integrity: sha512-drqDG3cbczxxEJRoOXcOjtdp1J/lyp1mNn0xaznRs8+muBhgQcrnbspox5X5fOw0HnMnbfDzvnEMEtqDEJEo8w==}
    engines: {node: '>=8'}

  undici-types@6.19.8:
    resolution: {integrity: sha512-ve2KP6f/JnbPBFyobGHuerC9g1FYGn/F8n1LWTwNxCEzd6IfqTwUQcNXgEtmmQ6DlRrC1hrSrBnCZPokRrDHjw==}

snapshots:

  '@commitlint/config-conventional@19.5.0':
    dependencies:
      '@commitlint/types': 19.5.0
      conventional-changelog-conventionalcommits: 7.0.2

  '@commitlint/types@19.5.0':
    dependencies:
      '@types/conventional-commits-parser': 5.0.0
      chalk: 5.3.0

  '@types/conventional-commits-parser@5.0.0':
    dependencies:
      '@types/node': 22.5.5

  '@types/node@22.5.5':
    dependencies:
      undici-types: 6.19.8

  array-ify@1.0.0: {}

  chalk@5.3.0: {}

  compare-func@2.0.0:
    dependencies:
      array-ify: 1.0.0
      dot-prop: 5.3.0

  conventional-changelog-conventionalcommits@7.0.2:
    dependencies:
      compare-func: 2.0.0

  dot-prop@5.3.0:
    dependencies:
      is-obj: 2.0.0

  is-obj@2.0.0: {}

  undici-types@6.19.8: {}
